
Microsoft Visual Studio Solution File, Format Version 12.00
# Visual Studio Version 17
VisualStudioVersion = 17.13.35931.197
MinimumVisualStudioVersion = 10.0.40219.1
Project("{8BC9CEB8-8B4A-11D0-8D11-00A0C91BC942}") = "BoostPracticeServer", "BoostPractice.vcxproj", "{C88C57E5-7C39-4A94-8E85-176A10B5BEDE}"
EndProject
Project("{8BC9CEB8-8B4A-11D0-8D11-00A0C91BC942}") = "BoostPractiveClient", "..\BoostPractiveClient\BoostPractiveClient.vcxproj", "{D540935F-33FD-4472-92C2-8934FE2DF96B}"
EndProject
Global
	GlobalSection(SolutionConfigurationPlatforms) = preSolution
		Debug|x64 = Debug|x64
		Debug|x86 = Debug|x86
		Release|x64 = Release|x64
		Release|x86 = Release|x86
	EndGlobalSection
	GlobalSection(ProjectConfigurationPlatforms) = postSolution
		{C88C57E5-7C39-4A94-8E85-176A10B5BEDE}.Debug|x64.ActiveCfg = Debug|x64
		{C88C57E5-7C39-4A94-8E85-176A10B5BEDE}.Debug|x64.Build.0 = Debug|x64
		{C88C57E5-7C39-4A94-8E85-176A10B5BEDE}.Debug|x86.ActiveCfg = Debug|Win32
		{C88C57E5-7C39-4A94-8E85-176A10B5BEDE}.Debug|x86.Build.0 = Debug|Win32
		{C88C57E5-7C39-4A94-8E85-176A10B5BEDE}.Release|x64.ActiveCfg = Release|x64
		{C88C57E5-7C39-4A94-8E85-176A10B5BEDE}.Release|x64.Build.0 = Release|x64
		{C88C57E5-7C39-4A94-8E85-176A10B5BEDE}.Release|x86.ActiveCfg = Release|Win32
		{C88C57E5-7C39-4A94-8E85-176A10B5BEDE}.Release|x86.Build.0 = Release|Win32
		{D540935F-33FD-4472-92C2-8934FE2DF96B}.Debug|x64.ActiveCfg = Debug|x64
		{D540935F-33FD-4472-92C2-8934FE2DF96B}.Debug|x64.Build.0 = Debug|x64
		{D540935F-33FD-4472-92C2-8934FE2DF96B}.Debug|x86.ActiveCfg = Debug|Win32
		{D540935F-33FD-4472-92C2-8934FE2DF96B}.Debug|x86.Build.0 = Debug|Win32
		{D540935F-33FD-4472-92C2-8934FE2DF96B}.Release|x64.ActiveCfg = Release|x64
		{D540935F-33FD-4472-92C2-8934FE2DF96B}.Release|x64.Build.0 = Release|x64
		{D540935F-33FD-4472-92C2-8934FE2DF96B}.Release|x86.ActiveCfg = Release|Win32
		{D540935F-33FD-4472-92C2-8934FE2DF96B}.Release|x86.Build.0 = Release|Win32
	EndGlobalSection
	GlobalSection(SolutionProperties) = preSolution
		HideSolutionNode = FALSE
	EndGlobalSection
	GlobalSection(ExtensibilityGlobals) = postSolution
		SolutionGuid = {9A56A55E-7066-4D4C-A6E1-73B8B85B6C0B}
	EndGlobalSection
EndGlobal
