
Microsoft Visual Studio Solution File, Format Version 12.00
# Visual Studio Version 17
VisualStudioVersion = 17.14.37027.9
MinimumVisualStudioVersion = 10.0.40219.1
Project("{FAE04EC0-301F-11D3-BF4B-00C04F79EFBC}") = "pray-server", "pray-server.csproj", "{3E9AB413-35FD-40D1-BC44-7E43406CD1BE}"
EndProject
Project("{2150E333-8FDC-42A3-9474-1A3956D46DE8}") = "SQL", "SQL", "{C8D5274F-AC00-46C7-1F8D-E88E81087A52}"
EndProject
Project("{00D1A9C2-B5F0-4AF3-8072-F6C62B433612}") = "Game", "..\Game\Game.sqlproj", "{C140551F-240A-4133-8556-1A4EA18795C9}"
EndProject
Project("{00D1A9C2-B5F0-4AF3-8072-F6C62B433612}") = "Account", "..\Account\Account.sqlproj", "{7DD6247B-ABE7-4716-B9F1-67DADB85977D}"
EndProject
Global
	GlobalSection(SolutionConfigurationPlatforms) = preSolution
		Debug|Any CPU = Debug|Any CPU
		Release|Any CPU = Release|Any CPU
	EndGlobalSection
	GlobalSection(ProjectConfigurationPlatforms) = postSolution
		{3E9AB413-35FD-40D1-BC44-7E43406CD1BE}.Debug|Any CPU.ActiveCfg = Debug|Any CPU
		{3E9AB413-35FD-40D1-BC44-7E43406CD1BE}.Debug|Any CPU.Build.0 = Debug|Any CPU
		{3E9AB413-35FD-40D1-BC44-7E43406CD1BE}.Release|Any CPU.ActiveCfg = Release|Any CPU
		{3E9AB413-35FD-40D1-BC44-7E43406CD1BE}.Release|Any CPU.Build.0 = Release|Any CPU
		{C140551F-240A-4133-8556-1A4EA18795C9}.Debug|Any CPU.ActiveCfg = Debug|Any CPU
		{C140551F-240A-4133-8556-1A4EA18795C9}.Debug|Any CPU.Build.0 = Debug|Any CPU
		{C140551F-240A-4133-8556-1A4EA18795C9}.Debug|Any CPU.Deploy.0 = Debug|Any CPU
		{C140551F-240A-4133-8556-1A4EA18795C9}.Release|Any CPU.ActiveCfg = Release|Any CPU
		{C140551F-240A-4133-8556-1A4EA18795C9}.Release|Any CPU.Build.0 = Release|Any CPU
		{C140551F-240A-4133-8556-1A4EA18795C9}.Release|Any CPU.Deploy.0 = Release|Any CPU
		{7DD6247B-ABE7-4716-B9F1-67DADB85977D}.Debug|Any CPU.ActiveCfg = Debug|Any CPU
		{7DD6247B-ABE7-4716-B9F1-67DADB85977D}.Debug|Any CPU.Build.0 = Debug|Any CPU
		{7DD6247B-ABE7-4716-B9F1-67DADB85977D}.Debug|Any CPU.Deploy.0 = Debug|Any CPU
		{7DD6247B-ABE7-4716-B9F1-67DADB85977D}.Release|Any CPU.ActiveCfg = Release|Any CPU
		{7DD6247B-ABE7-4716-B9F1-67DADB85977D}.Release|Any CPU.Build.0 = Release|Any CPU
		{7DD6247B-ABE7-4716-B9F1-67DADB85977D}.Release|Any CPU.Deploy.0 = Release|Any CPU
	EndGlobalSection
	GlobalSection(SolutionProperties) = preSolution
		HideSolutionNode = FALSE
	EndGlobalSection
	GlobalSection(NestedProjects) = preSolution
		{C140551F-240A-4133-8556-1A4EA18795C9} = {C8D5274F-AC00-46C7-1F8D-E88E81087A52}
		{7DD6247B-ABE7-4716-B9F1-67DADB85977D} = {C8D5274F-AC00-46C7-1F8D-E88E81087A52}
	EndGlobalSection
	GlobalSection(ExtensibilityGlobals) = postSolution
		SolutionGuid = {AC94EAD8-F4E0-4386-8120-8F3A18986255}
	EndGlobalSection
EndGlobal
